{
    "version": 3,
    "terraform_version": "0.11.8",
    "serial": 2,
    "lineage": "89c338cd-3b71-89c5-0cbc-879fd4fd058c",
    "modules": [
        {
            "path": [
                "root"
            ],
            "outputs": {
                "public_ip": {
                    "sensitive": false,
                    "type": "string",
                    "value": "54.227.141.75"
                },
                "vpc-id": {
                    "sensitive": false,
                    "type": "string",
                    "value": "vpc-0947ceb97b76c7c33"
                }
            },
            "resources": {
                "aws_instance.jenkins1": {
                    "type": "aws_instance",
                    "depends_on": [
                        "aws_security_group.secgrpT1",
                        "aws_subnet.subnetT1"
                    ],
                    "primary": {
                        "id": "i-0994a229f3b57bfd1",
                        "attributes": {
                            "ami": "ami-04dce92e4b86e8242",
                            "arn": "arn:aws:ec2:us-east-1:233177744977:instance/i-0994a229f3b57bfd1",
                            "associate_public_ip_address": "true",
                            "availability_zone": "us-east-1a",
                            "cpu_core_count": "1",
                            "cpu_threads_per_core": "1",
                            "credit_specification.#": "1",
                            "credit_specification.0.cpu_credits": "standard",
                            "disable_api_termination": "false",
                            "ebs_block_device.#": "0",
                            "ebs_optimized": "false",
                            "ephemeral_block_device.#": "0",
                            "get_password_data": "false",
                            "iam_instance_profile": "",
                            "id": "i-0994a229f3b57bfd1",
                            "instance_state": "running",
                            "instance_type": "t2.micro",
                            "ipv6_addresses.#": "0",
                            "key_name": "test-key-pair",
                            "monitoring": "false",
                            "network_interface.#": "0",
                            "network_interface_id": "eni-026974852b322b729",
                            "password_data": "",
                            "placement_group": "",
                            "primary_network_interface_id": "eni-026974852b322b729",
                            "private_dns": "ip-10-10-1-31.ec2.internal",
                            "private_ip": "10.10.1.31",
                            "public_dns": "",
                            "public_ip": "54.227.141.75",
                            "root_block_device.#": "1",
                            "root_block_device.0.delete_on_termination": "false",
                            "root_block_device.0.iops": "300",
                            "root_block_device.0.volume_id": "vol-04586c3166b0dd380",
                            "root_block_device.0.volume_size": "100",
                            "root_block_device.0.volume_type": "gp2",
                            "security_groups.#": "0",
                            "source_dest_check": "true",
                            "subnet_id": "subnet-0813c8a7befc4901c",
                            "tags.%": "1",
                            "tags.Name": "jenkinsT1",
                            "tenancy": "default",
                            "user_data": "6f2ecf25e1a66c328ce16c6c7e3892a60bf0651e",
                            "volume_tags.%": "0",
                            "vpc_security_group_ids.#": "1",
                            "vpc_security_group_ids.2165618677": "sg-0e4a5ad9584025775"
                        },
                        "meta": {
                            "e2bfb730-ecaa-11e6-8f88-34363bc7c4c0": {
                                "create": 600000000000,
                                "delete": 1200000000000,
                                "update": 600000000000
                            },
                            "schema_version": "1"
                        },
                        "tainted": false
                    },
                    "deposed": [],
                    "provider": "provider.aws"
                },
                "aws_internet_gateway.igwT1": {
                    "type": "aws_internet_gateway",
                    "depends_on": [
                        "aws_vpc.vpcT1"
                    ],
                    "primary": {
                        "id": "igw-04c54cbf0b39b9d99",
                        "attributes": {
                            "id": "igw-04c54cbf0b39b9d99",
                            "tags.%": "1",
                            "tags.Name": "internet-gateway-T1",
                            "vpc_id": "vpc-0947ceb97b76c7c33"
                        },
                        "meta": {},
                        "tainted": false
                    },
                    "deposed": [],
                    "provider": "provider.aws"
                },
                "aws_route_table.RouteTableT1": {
                    "type": "aws_route_table",
                    "depends_on": [
                        "aws_internet_gateway.igwT1",
                        "aws_vpc.vpcT1"
                    ],
                    "primary": {
                        "id": "rtb-00b6ad4952a615957",
                        "attributes": {
                            "id": "rtb-00b6ad4952a615957",
                            "propagating_vgws.#": "0",
                            "route.#": "1",
                            "route.3327990460.cidr_block": "0.0.0.0/0",
                            "route.3327990460.egress_only_gateway_id": "",
                            "route.3327990460.gateway_id": "igw-04c54cbf0b39b9d99",
                            "route.3327990460.instance_id": "",
                            "route.3327990460.ipv6_cidr_block": "",
                            "route.3327990460.nat_gateway_id": "",
                            "route.3327990460.network_interface_id": "",
                            "route.3327990460.vpc_peering_connection_id": "",
                            "tags.%": "1",
                            "tags.Name": "aws_route_T1",
                            "vpc_id": "vpc-0947ceb97b76c7c33"
                        },
                        "meta": {},
                        "tainted": false
                    },
                    "deposed": [],
                    "provider": "provider.aws"
                },
                "aws_route_table_association.association-subnet": {
                    "type": "aws_route_table_association",
                    "depends_on": [
                        "aws_route_table.RouteTableT1",
                        "aws_subnet.subnetT1"
                    ],
                    "primary": {
                        "id": "rtbassoc-0d89c57ceb28fbf12",
                        "attributes": {
                            "id": "rtbassoc-0d89c57ceb28fbf12",
                            "route_table_id": "rtb-00b6ad4952a615957",
                            "subnet_id": "subnet-0813c8a7befc4901c"
                        },
                        "meta": {},
                        "tainted": false
                    },
                    "deposed": [],
                    "provider": "provider.aws"
                },
                "aws_security_group.secgrpT1": {
                    "type": "aws_security_group",
                    "depends_on": [
                        "aws_vpc.vpcT1"
                    ],
                    "primary": {
                        "id": "sg-0e4a5ad9584025775",
                        "attributes": {
                            "arn": "arn:aws:ec2:us-east-1:233177744977:security-group/sg-0e4a5ad9584025775",
                            "description": "Managed by Terraform",
                            "egress.#": "0",
                            "id": "sg-0e4a5ad9584025775",
                            "ingress.#": "1",
                            "ingress.516175195.cidr_blocks.#": "1",
                            "ingress.516175195.cidr_blocks.0": "0.0.0.0/0",
                            "ingress.516175195.description": "",
                            "ingress.516175195.from_port": "8080",
                            "ingress.516175195.ipv6_cidr_blocks.#": "0",
                            "ingress.516175195.prefix_list_ids.#": "0",
                            "ingress.516175195.protocol": "tcp",
                            "ingress.516175195.security_groups.#": "0",
                            "ingress.516175195.self": "false",
                            "ingress.516175195.to_port": "8080",
                            "name": "secgrpT1",
                            "owner_id": "233177744977",
                            "revoke_rules_on_delete": "false",
                            "tags.%": "0",
                            "vpc_id": "vpc-0947ceb97b76c7c33"
                        },
                        "meta": {
                            "e2bfb730-ecaa-11e6-8f88-34363bc7c4c0": {
                                "create": 600000000000,
                                "delete": 600000000000
                            },
                            "schema_version": "1"
                        },
                        "tainted": false
                    },
                    "deposed": [],
                    "provider": "provider.aws"
                },
                "aws_security_group_rule.ssh": {
                    "type": "aws_security_group_rule",
                    "depends_on": [
                        "aws_security_group.secgrpT1"
                    ],
                    "primary": {
                        "id": "sgrule-4094030191",
                        "attributes": {
                            "cidr_blocks.#": "1",
                            "cidr_blocks.0": "208.176.44.26/32",
                            "from_port": "22",
                            "id": "sgrule-4094030191",
                            "protocol": "tcp",
                            "security_group_id": "sg-0e4a5ad9584025775",
                            "self": "false",
                            "to_port": "22",
                            "type": "ingress"
                        },
                        "meta": {
                            "schema_version": "2"
                        },
                        "tainted": false
                    },
                    "deposed": [],
                    "provider": "provider.aws"
                },
                "aws_subnet.subnetT1": {
                    "type": "aws_subnet",
                    "depends_on": [
                        "aws_vpc.vpcT1"
                    ],
                    "primary": {
                        "id": "subnet-0813c8a7befc4901c",
                        "attributes": {
                            "arn": "arn:aws:ec2:us-east-1:233177744977:subnet/subnet-0813c8a7befc4901c",
                            "assign_ipv6_address_on_creation": "false",
                            "availability_zone": "us-east-1a",
                            "cidr_block": "10.10.1.0/24",
                            "id": "subnet-0813c8a7befc4901c",
                            "map_public_ip_on_launch": "true",
                            "tags.%": "1",
                            "tags.Name": "SubnetT1",
                            "vpc_id": "vpc-0947ceb97b76c7c33"
                        },
                        "meta": {
                            "e2bfb730-ecaa-11e6-8f88-34363bc7c4c0": {
                                "create": 600000000000,
                                "delete": 600000000000
                            },
                            "schema_version": "1"
                        },
                        "tainted": false
                    },
                    "deposed": [],
                    "provider": "provider.aws"
                },
                "aws_subnet.subnetT2": {
                    "type": "aws_subnet",
                    "depends_on": [
                        "aws_vpc.vpcT1"
                    ],
                    "primary": {
                        "id": "subnet-0f1790648aaf14268",
                        "attributes": {
                            "arn": "arn:aws:ec2:us-east-1:233177744977:subnet/subnet-0f1790648aaf14268",
                            "assign_ipv6_address_on_creation": "false",
                            "availability_zone": "us-east-1c",
                            "cidr_block": "10.10.2.0/24",
                            "id": "subnet-0f1790648aaf14268",
                            "map_public_ip_on_launch": "true",
                            "tags.%": "1",
                            "tags.Name": "SubnetT2",
                            "vpc_id": "vpc-0947ceb97b76c7c33"
                        },
                        "meta": {
                            "e2bfb730-ecaa-11e6-8f88-34363bc7c4c0": {
                                "create": 600000000000,
                                "delete": 600000000000
                            },
                            "schema_version": "1"
                        },
                        "tainted": false
                    },
                    "deposed": [],
                    "provider": "provider.aws"
                },
                "aws_vpc.vpcT1": {
                    "type": "aws_vpc",
                    "depends_on": [],
                    "primary": {
                        "id": "vpc-0947ceb97b76c7c33",
                        "attributes": {
                            "arn": "arn:aws:ec2:us-east-1:233177744977:vpc/vpc-0947ceb97b76c7c33",
                            "assign_generated_ipv6_cidr_block": "false",
                            "cidr_block": "10.10.0.0/16",
                            "default_network_acl_id": "acl-025352628596e7b9e",
                            "default_route_table_id": "rtb-04e6eb1aa630d141c",
                            "default_security_group_id": "sg-0302da36741c0836e",
                            "dhcp_options_id": "dopt-b12e5dca",
                            "enable_classiclink": "false",
                            "enable_classiclink_dns_support": "false",
                            "enable_dns_hostnames": "false",
                            "enable_dns_support": "true",
                            "id": "vpc-0947ceb97b76c7c33",
                            "instance_tenancy": "default",
                            "main_route_table_id": "rtb-04e6eb1aa630d141c",
                            "tags.%": "1",
                            "tags.Name": "VPCT1"
                        },
                        "meta": {
                            "schema_version": "1"
                        },
                        "tainted": false
                    },
                    "deposed": [],
                    "provider": "provider.aws"
                }
            },
            "depends_on": []
        }
    ]
}
