{
    "version": 3,
    "terraform_version": "0.11.8",
    "serial": 14,
    "lineage": "dc644af1-4bca-2278-780b-39e29a883575",
    "modules": [
        {
            "path": [
                "root"
            ],
            "outputs": {
                "public_ip": {
                    "sensitive": false,
                    "type": "string",
                    "value": "54.147.62.143"
                },
                "public_ip2": {
                    "sensitive": false,
                    "type": "string",
                    "value": "54.89.229.170"
                },
                "vpc-id": {
                    "sensitive": false,
                    "type": "string",
                    "value": "vpc-065fd0de1f38d8943"
                }
            },
            "resources": {
                "aws_instance.cloudmapper1": {
                    "type": "aws_instance",
                    "depends_on": [
                        "aws_security_group.secgrpT1",
                        "aws_subnet.subnetT1"
                    ],
                    "primary": {
                        "id": "i-07f7977afca994f72",
                        "attributes": {
                            "ami": "ami-04681a1dbd79675a5",
                            "arn": "arn:aws:ec2:us-east-1:233177744977:instance/i-07f7977afca994f72",
                            "associate_public_ip_address": "true",
                            "availability_zone": "us-east-1a",
                            "cpu_core_count": "1",
                            "cpu_threads_per_core": "2",
                            "credit_specification.#": "1",
                            "credit_specification.0.cpu_credits": "unlimited",
                            "disable_api_termination": "false",
                            "ebs_block_device.#": "0",
                            "ebs_optimized": "false",
                            "ephemeral_block_device.#": "0",
                            "get_password_data": "false",
                            "iam_instance_profile": "",
                            "id": "i-07f7977afca994f72",
                            "instance_state": "running",
                            "instance_type": "t3.medium",
                            "ipv6_addresses.#": "0",
                            "key_name": "test-key-pair",
                            "monitoring": "false",
                            "network_interface.#": "0",
                            "network_interface_id": "eni-0c768e309c7b637ea",
                            "password_data": "",
                            "placement_group": "",
                            "primary_network_interface_id": "eni-0c768e309c7b637ea",
                            "private_dns": "ip-10-10-1-84.ec2.internal",
                            "private_ip": "10.10.1.84",
                            "public_dns": "",
                            "public_ip": "54.147.62.143",
                            "root_block_device.#": "1",
                            "root_block_device.0.delete_on_termination": "true",
                            "root_block_device.0.iops": "100",
                            "root_block_device.0.volume_id": "vol-0804d8221ee76d4db",
                            "root_block_device.0.volume_size": "8",
                            "root_block_device.0.volume_type": "gp2",
                            "security_groups.#": "0",
                            "source_dest_check": "true",
                            "subnet_id": "subnet-0d8b711f07cc9acd7",
                            "tags.%": "1",
                            "tags.Name": "cloudmapperT1",
                            "tenancy": "default",
                            "user_data": "6f2ecf25e1a66c328ce16c6c7e3892a60bf0651e",
                            "volume_tags.%": "0",
                            "vpc_security_group_ids.#": "1",
                            "vpc_security_group_ids.181955734": "sg-056e2c8a0b2eafcb5"
                        },
                        "meta": {
                            "e2bfb730-ecaa-11e6-8f88-34363bc7c4c0": {
                                "create": 600000000000,
                                "delete": 1200000000000,
                                "update": 600000000000
                            },
                            "schema_version": "1"
                        },
                        "tainted": false
                    },
                    "deposed": [],
                    "provider": "provider.aws"
                },
                "aws_instance.cloudmapper3": {
                    "type": "aws_instance",
                    "depends_on": [
                        "aws_security_group.secgrpT1",
                        "aws_subnet.subnetT1"
                    ],
                    "primary": {
                        "id": "i-057c01a692cd8972f",
                        "attributes": {
                            "ami": "ami-04681a1dbd79675a5",
                            "arn": "arn:aws:ec2:us-east-1:233177744977:instance/i-057c01a692cd8972f",
                            "associate_public_ip_address": "true",
                            "availability_zone": "us-east-1a",
                            "cpu_core_count": "1",
                            "cpu_threads_per_core": "2",
                            "credit_specification.#": "1",
                            "credit_specification.0.cpu_credits": "unlimited",
                            "disable_api_termination": "false",
                            "ebs_block_device.#": "0",
                            "ebs_optimized": "false",
                            "ephemeral_block_device.#": "0",
                            "get_password_data": "false",
                            "iam_instance_profile": "",
                            "id": "i-057c01a692cd8972f",
                            "instance_state": "running",
                            "instance_type": "t3.medium",
                            "ipv6_addresses.#": "0",
                            "key_name": "test-key-pair",
                            "monitoring": "false",
                            "network_interface.#": "0",
                            "network_interface_id": "eni-03777d285d476e720",
                            "password_data": "",
                            "placement_group": "",
                            "primary_network_interface_id": "eni-03777d285d476e720",
                            "private_dns": "ip-10-10-1-121.ec2.internal",
                            "private_ip": "10.10.1.121",
                            "public_dns": "",
                            "public_ip": "54.89.229.170",
                            "root_block_device.#": "1",
                            "root_block_device.0.delete_on_termination": "true",
                            "root_block_device.0.iops": "100",
                            "root_block_device.0.volume_id": "vol-0b863c9cbcee54502",
                            "root_block_device.0.volume_size": "8",
                            "root_block_device.0.volume_type": "gp2",
                            "security_groups.#": "0",
                            "source_dest_check": "true",
                            "subnet_id": "subnet-0d8b711f07cc9acd7",
                            "tags.%": "1",
                            "tags.Name": "cloudmapperT3",
                            "tenancy": "default",
                            "user_data": "73768113a6133468e962a3d78b48888d2a74b254",
                            "volume_tags.%": "0",
                            "vpc_security_group_ids.#": "1",
                            "vpc_security_group_ids.181955734": "sg-056e2c8a0b2eafcb5"
                        },
                        "meta": {
                            "e2bfb730-ecaa-11e6-8f88-34363bc7c4c0": {
                                "create": 600000000000,
                                "delete": 1200000000000,
                                "update": 600000000000
                            },
                            "schema_version": "1"
                        },
                        "tainted": false
                    },
                    "deposed": [],
                    "provider": "provider.aws"
                },
                "aws_internet_gateway.igwT1": {
                    "type": "aws_internet_gateway",
                    "depends_on": [
                        "aws_vpc.vpcT1"
                    ],
                    "primary": {
                        "id": "igw-0040bb90b29572d7e",
                        "attributes": {
                            "id": "igw-0040bb90b29572d7e",
                            "tags.%": "1",
                            "tags.Name": "internet-gateway-T1",
                            "vpc_id": "vpc-065fd0de1f38d8943"
                        },
                        "meta": {},
                        "tainted": false
                    },
                    "deposed": [],
                    "provider": "provider.aws"
                },
                "aws_route_table.RouteTableT1": {
                    "type": "aws_route_table",
                    "depends_on": [
                        "aws_internet_gateway.igwT1",
                        "aws_vpc.vpcT1"
                    ],
                    "primary": {
                        "id": "rtb-0f6ce9c6241f2d3ae",
                        "attributes": {
                            "id": "rtb-0f6ce9c6241f2d3ae",
                            "propagating_vgws.#": "0",
                            "route.#": "1",
                            "route.296881628.cidr_block": "0.0.0.0/0",
                            "route.296881628.egress_only_gateway_id": "",
                            "route.296881628.gateway_id": "igw-0040bb90b29572d7e",
                            "route.296881628.instance_id": "",
                            "route.296881628.ipv6_cidr_block": "",
                            "route.296881628.nat_gateway_id": "",
                            "route.296881628.network_interface_id": "",
                            "route.296881628.vpc_peering_connection_id": "",
                            "tags.%": "1",
                            "tags.Name": "aws_route_T1",
                            "vpc_id": "vpc-065fd0de1f38d8943"
                        },
                        "meta": {},
                        "tainted": false
                    },
                    "deposed": [],
                    "provider": "provider.aws"
                },
                "aws_route_table_association.association-subnet": {
                    "type": "aws_route_table_association",
                    "depends_on": [
                        "aws_route_table.RouteTableT1",
                        "aws_subnet.subnetT1"
                    ],
                    "primary": {
                        "id": "rtbassoc-0ddad2bcadb89d5cc",
                        "attributes": {
                            "id": "rtbassoc-0ddad2bcadb89d5cc",
                            "route_table_id": "rtb-0f6ce9c6241f2d3ae",
                            "subnet_id": "subnet-0d8b711f07cc9acd7"
                        },
                        "meta": {},
                        "tainted": false
                    },
                    "deposed": [],
                    "provider": "provider.aws"
                },
                "aws_security_group.secgrpT1": {
                    "type": "aws_security_group",
                    "depends_on": [
                        "aws_vpc.vpcT1"
                    ],
                    "primary": {
                        "id": "sg-056e2c8a0b2eafcb5",
                        "attributes": {
                            "arn": "arn:aws:ec2:us-east-1:233177744977:security-group/sg-056e2c8a0b2eafcb5",
                            "description": "Managed by Terraform",
                            "egress.#": "0",
                            "id": "sg-056e2c8a0b2eafcb5",
                            "ingress.#": "1",
                            "ingress.332570261.cidr_blocks.#": "1",
                            "ingress.332570261.cidr_blocks.0": "0.0.0.0/0",
                            "ingress.332570261.description": "",
                            "ingress.332570261.from_port": "8000",
                            "ingress.332570261.ipv6_cidr_blocks.#": "0",
                            "ingress.332570261.prefix_list_ids.#": "0",
                            "ingress.332570261.protocol": "tcp",
                            "ingress.332570261.security_groups.#": "0",
                            "ingress.332570261.self": "false",
                            "ingress.332570261.to_port": "8000",
                            "name": "secgrpT1",
                            "owner_id": "233177744977",
                            "revoke_rules_on_delete": "false",
                            "tags.%": "0",
                            "vpc_id": "vpc-065fd0de1f38d8943"
                        },
                        "meta": {
                            "e2bfb730-ecaa-11e6-8f88-34363bc7c4c0": {
                                "create": 600000000000,
                                "delete": 600000000000
                            },
                            "schema_version": "1"
                        },
                        "tainted": false
                    },
                    "deposed": [],
                    "provider": "provider.aws"
                },
                "aws_security_group_rule.egress2all": {
                    "type": "aws_security_group_rule",
                    "depends_on": [
                        "aws_security_group.secgrpT1"
                    ],
                    "primary": {
                        "id": "sgrule-2696689144",
                        "attributes": {
                            "cidr_blocks.#": "1",
                            "cidr_blocks.0": "0.0.0.0/0",
                            "from_port": "0",
                            "id": "sgrule-2696689144",
                            "protocol": "tcp",
                            "security_group_id": "sg-056e2c8a0b2eafcb5",
                            "self": "false",
                            "to_port": "65535",
                            "type": "egress"
                        },
                        "meta": {
                            "schema_version": "2"
                        },
                        "tainted": false
                    },
                    "deposed": [],
                    "provider": "provider.aws"
                },
                "aws_security_group_rule.ssh": {
                    "type": "aws_security_group_rule",
                    "depends_on": [
                        "aws_security_group.secgrpT1"
                    ],
                    "primary": {
                        "id": "sgrule-2653662",
                        "attributes": {
                            "cidr_blocks.#": "1",
                            "cidr_blocks.0": "208.176.44.26/32",
                            "from_port": "22",
                            "id": "sgrule-2653662",
                            "protocol": "tcp",
                            "security_group_id": "sg-056e2c8a0b2eafcb5",
                            "self": "false",
                            "to_port": "22",
                            "type": "ingress"
                        },
                        "meta": {
                            "schema_version": "2"
                        },
                        "tainted": false
                    },
                    "deposed": [],
                    "provider": "provider.aws"
                },
                "aws_subnet.subnetT1": {
                    "type": "aws_subnet",
                    "depends_on": [
                        "aws_vpc.vpcT1"
                    ],
                    "primary": {
                        "id": "subnet-0d8b711f07cc9acd7",
                        "attributes": {
                            "arn": "arn:aws:ec2:us-east-1:233177744977:subnet/subnet-0d8b711f07cc9acd7",
                            "assign_ipv6_address_on_creation": "false",
                            "availability_zone": "us-east-1a",
                            "cidr_block": "10.10.1.0/24",
                            "id": "subnet-0d8b711f07cc9acd7",
                            "map_public_ip_on_launch": "true",
                            "tags.%": "1",
                            "tags.Name": "SubnetT1",
                            "vpc_id": "vpc-065fd0de1f38d8943"
                        },
                        "meta": {
                            "e2bfb730-ecaa-11e6-8f88-34363bc7c4c0": {
                                "create": 600000000000,
                                "delete": 600000000000
                            },
                            "schema_version": "1"
                        },
                        "tainted": false
                    },
                    "deposed": [],
                    "provider": "provider.aws"
                },
                "aws_subnet.subnetT2": {
                    "type": "aws_subnet",
                    "depends_on": [
                        "aws_vpc.vpcT1"
                    ],
                    "primary": {
                        "id": "subnet-03652af510c98db50",
                        "attributes": {
                            "arn": "arn:aws:ec2:us-east-1:233177744977:subnet/subnet-03652af510c98db50",
                            "assign_ipv6_address_on_creation": "false",
                            "availability_zone": "us-east-1c",
                            "cidr_block": "10.10.2.0/24",
                            "id": "subnet-03652af510c98db50",
                            "map_public_ip_on_launch": "true",
                            "tags.%": "1",
                            "tags.Name": "SubnetT2",
                            "vpc_id": "vpc-065fd0de1f38d8943"
                        },
                        "meta": {
                            "e2bfb730-ecaa-11e6-8f88-34363bc7c4c0": {
                                "create": 600000000000,
                                "delete": 600000000000
                            },
                            "schema_version": "1"
                        },
                        "tainted": false
                    },
                    "deposed": [],
                    "provider": "provider.aws"
                },
                "aws_vpc.vpcT1": {
                    "type": "aws_vpc",
                    "depends_on": [],
                    "primary": {
                        "id": "vpc-065fd0de1f38d8943",
                        "attributes": {
                            "arn": "arn:aws:ec2:us-east-1:233177744977:vpc/vpc-065fd0de1f38d8943",
                            "assign_generated_ipv6_cidr_block": "false",
                            "cidr_block": "10.10.0.0/16",
                            "default_network_acl_id": "acl-08a27a78e6d359795",
                            "default_route_table_id": "rtb-0f77aafcb342ed98f",
                            "default_security_group_id": "sg-04f553f56f7f084c4",
                            "dhcp_options_id": "dopt-b12e5dca",
                            "enable_classiclink": "false",
                            "enable_classiclink_dns_support": "false",
                            "enable_dns_hostnames": "false",
                            "enable_dns_support": "true",
                            "id": "vpc-065fd0de1f38d8943",
                            "instance_tenancy": "default",
                            "main_route_table_id": "rtb-0f77aafcb342ed98f",
                            "tags.%": "1",
                            "tags.Name": "VPCT1"
                        },
                        "meta": {
                            "schema_version": "1"
                        },
                        "tainted": false
                    },
                    "deposed": [],
                    "provider": "provider.aws"
                }
            },
            "depends_on": []
        }
    ]
}
